
Microsoft Visual Studio Solution File, Format Version 12.00
# Visual Studio Version 17
VisualStudioVersion = 17.6.33723.286
MinimumVisualStudioVersion = 10.0.40219.1
Project("{FAE04EC0-301F-11D3-BF4B-00C04F79EFBC}") = "StackLayout.Android", "StackLayout\StackLayout.Android\StackLayout.Android.csproj", "{437D8139-3D6F-49BC-A7FA-913EED28AD9A}"
EndProject
Project("{FAE04EC0-301F-11D3-BF4B-00C04F79EFBC}") = "StackLayout.iOS", "StackLayout\StackLayout.iOS\StackLayout.iOS.csproj", "{4C9A9F05-A763-4D98-8976-7F29CBEC86C4}"
EndProject
Project("{FAE04EC0-301F-11D3-BF4B-00C04F79EFBC}") = "StackLayout", "StackLayout\StackLayout\StackLayout.csproj", "{7E029C16-90E2-4FDB-990E-15B2B66F9CA0}"
EndProject
Global
	GlobalSection(SolutionConfigurationPlatforms) = preSolution
		Debug|Any CPU = Debug|Any CPU
		Debug|iPhone = Debug|iPhone
		Debug|iPhoneSimulator = Debug|iPhoneSimulator
		Release|Any CPU = Release|Any CPU
		Release|iPhone = Release|iPhone
		Release|iPhoneSimulator = Release|iPhoneSimulator
	EndGlobalSection
	GlobalSection(ProjectConfigurationPlatforms) = postSolution
		{437D8139-3D6F-49BC-A7FA-913EED28AD9A}.Debug|Any CPU.ActiveCfg = Debug|Any CPU
		{437D8139-3D6F-49BC-A7FA-913EED28AD9A}.Debug|Any CPU.Build.0 = Debug|Any CPU
		{437D8139-3D6F-49BC-A7FA-913EED28AD9A}.Debug|Any CPU.Deploy.0 = Debug|Any CPU
		{437D8139-3D6F-49BC-A7FA-913EED28AD9A}.Debug|iPhone.ActiveCfg = Debug|Any CPU
		{437D8139-3D6F-49BC-A7FA-913EED28AD9A}.Debug|iPhone.Build.0 = Debug|Any CPU
		{437D8139-3D6F-49BC-A7FA-913EED28AD9A}.Debug|iPhone.Deploy.0 = Debug|Any CPU
		{437D8139-3D6F-49BC-A7FA-913EED28AD9A}.Debug|iPhoneSimulator.ActiveCfg = Debug|Any CPU
		{437D8139-3D6F-49BC-A7FA-913EED28AD9A}.Debug|iPhoneSimulator.Build.0 = Debug|Any CPU
		{437D8139-3D6F-49BC-A7FA-913EED28AD9A}.Debug|iPhoneSimulator.Deploy.0 = Debug|Any CPU
		{437D8139-3D6F-49BC-A7FA-913EED28AD9A}.Release|Any CPU.ActiveCfg = Release|Any CPU
		{437D8139-3D6F-49BC-A7FA-913EED28AD9A}.Release|Any CPU.Build.0 = Release|Any CPU
		{437D8139-3D6F-49BC-A7FA-913EED28AD9A}.Release|Any CPU.Deploy.0 = Release|Any CPU
		{437D8139-3D6F-49BC-A7FA-913EED28AD9A}.Release|iPhone.ActiveCfg = Release|Any CPU
		{437D8139-3D6F-49BC-A7FA-913EED28AD9A}.Release|iPhone.Build.0 = Release|Any CPU
		{437D8139-3D6F-49BC-A7FA-913EED28AD9A}.Release|iPhone.Deploy.0 = Release|Any CPU
		{437D8139-3D6F-49BC-A7FA-913EED28AD9A}.Release|iPhoneSimulator.ActiveCfg = Release|Any CPU
		{437D8139-3D6F-49BC-A7FA-913EED28AD9A}.Release|iPhoneSimulator.Build.0 = Release|Any CPU
		{437D8139-3D6F-49BC-A7FA-913EED28AD9A}.Release|iPhoneSimulator.Deploy.0 = Release|Any CPU
		{4C9A9F05-A763-4D98-8976-7F29CBEC86C4}.Debug|Any CPU.ActiveCfg = Debug|iPhone
		{4C9A9F05-A763-4D98-8976-7F29CBEC86C4}.Debug|Any CPU.Build.0 = Debug|iPhone
		{4C9A9F05-A763-4D98-8976-7F29CBEC86C4}.Debug|Any CPU.Deploy.0 = Debug|iPhone
		{4C9A9F05-A763-4D98-8976-7F29CBEC86C4}.Debug|iPhone.ActiveCfg = Debug|iPhone
		{4C9A9F05-A763-4D98-8976-7F29CBEC86C4}.Debug|iPhone.Build.0 = Debug|iPhone
		{4C9A9F05-A763-4D98-8976-7F29CBEC86C4}.Debug|iPhone.Deploy.0 = Debug|iPhone
		{4C9A9F05-A763-4D98-8976-7F29CBEC86C4}.Debug|iPhoneSimulator.ActiveCfg = Debug|iPhoneSimulator
		{4C9A9F05-A763-4D98-8976-7F29CBEC86C4}.Debug|iPhoneSimulator.Build.0 = Debug|iPhoneSimulator
		{4C9A9F05-A763-4D98-8976-7F29CBEC86C4}.Debug|iPhoneSimulator.Deploy.0 = Debug|iPhoneSimulator
		{4C9A9F05-A763-4D98-8976-7F29CBEC86C4}.Release|Any CPU.ActiveCfg = Release|iPhoneSimulator
		{4C9A9F05-A763-4D98-8976-7F29CBEC86C4}.Release|Any CPU.Build.0 = Release|iPhoneSimulator
		{4C9A9F05-A763-4D98-8976-7F29CBEC86C4}.Release|Any CPU.Deploy.0 = Release|iPhoneSimulator
		{4C9A9F05-A763-4D98-8976-7F29CBEC86C4}.Release|iPhone.ActiveCfg = Release|iPhone
		{4C9A9F05-A763-4D98-8976-7F29CBEC86C4}.Release|iPhone.Build.0 = Release|iPhone
		{4C9A9F05-A763-4D98-8976-7F29CBEC86C4}.Release|iPhone.Deploy.0 = Release|iPhone
		{4C9A9F05-A763-4D98-8976-7F29CBEC86C4}.Release|iPhoneSimulator.ActiveCfg = Release|iPhoneSimulator
		{4C9A9F05-A763-4D98-8976-7F29CBEC86C4}.Release|iPhoneSimulator.Build.0 = Release|iPhoneSimulator
		{4C9A9F05-A763-4D98-8976-7F29CBEC86C4}.Release|iPhoneSimulator.Deploy.0 = Release|iPhoneSimulator
		{7E029C16-90E2-4FDB-990E-15B2B66F9CA0}.Debug|Any CPU.ActiveCfg = Debug|Any CPU
		{7E029C16-90E2-4FDB-990E-15B2B66F9CA0}.Debug|Any CPU.Build.0 = Debug|Any CPU
		{7E029C16-90E2-4FDB-990E-15B2B66F9CA0}.Debug|Any CPU.Deploy.0 = Debug|Any CPU
		{7E029C16-90E2-4FDB-990E-15B2B66F9CA0}.Debug|iPhone.ActiveCfg = Debug|Any CPU
		{7E029C16-90E2-4FDB-990E-15B2B66F9CA0}.Debug|iPhone.Build.0 = Debug|Any CPU
		{7E029C16-90E2-4FDB-990E-15B2B66F9CA0}.Debug|iPhone.Deploy.0 = Debug|Any CPU
		{7E029C16-90E2-4FDB-990E-15B2B66F9CA0}.Debug|iPhoneSimulator.ActiveCfg = Debug|Any CPU
		{7E029C16-90E2-4FDB-990E-15B2B66F9CA0}.Debug|iPhoneSimulator.Build.0 = Debug|Any CPU
		{7E029C16-90E2-4FDB-990E-15B2B66F9CA0}.Debug|iPhoneSimulator.Deploy.0 = Debug|Any CPU
		{7E029C16-90E2-4FDB-990E-15B2B66F9CA0}.Release|Any CPU.ActiveCfg = Release|Any CPU
		{7E029C16-90E2-4FDB-990E-15B2B66F9CA0}.Release|Any CPU.Build.0 = Release|Any CPU
		{7E029C16-90E2-4FDB-990E-15B2B66F9CA0}.Release|Any CPU.Deploy.0 = Release|Any CPU
		{7E029C16-90E2-4FDB-990E-15B2B66F9CA0}.Release|iPhone.ActiveCfg = Release|Any CPU
		{7E029C16-90E2-4FDB-990E-15B2B66F9CA0}.Release|iPhone.Build.0 = Release|Any CPU
		{7E029C16-90E2-4FDB-990E-15B2B66F9CA0}.Release|iPhone.Deploy.0 = Release|Any CPU
		{7E029C16-90E2-4FDB-990E-15B2B66F9CA0}.Release|iPhoneSimulator.ActiveCfg = Release|Any CPU
		{7E029C16-90E2-4FDB-990E-15B2B66F9CA0}.Release|iPhoneSimulator.Build.0 = Release|Any CPU
		{7E029C16-90E2-4FDB-990E-15B2B66F9CA0}.Release|iPhoneSimulator.Deploy.0 = Release|Any CPU
	EndGlobalSection
	GlobalSection(SolutionProperties) = preSolution
		HideSolutionNode = FALSE
	EndGlobalSection
	GlobalSection(ExtensibilityGlobals) = postSolution
		SolutionGuid = {11CA2545-C1AF-4EEA-8527-6C98F79EDF8B}
	EndGlobalSection
EndGlobal
